
Microsoft Visual Studio Solution File, Format Version 12.00
# Visual Studio 14
VisualStudioVersion = 14.0.25123.0
MinimumVisualStudioVersion = 10.0.40219.1
Project("{159641D6-6404-4A2A-AE62-294DE0FE8301}") = "Chapter 04 Integration Services", "Chapter 04 Integration Services\Chapter 04 Integration Services.dtproj", "{AD4A1B70-DB80-49E7-ACAD-871AA9DA4EA6}"
EndProject
Global
	GlobalSection(SolutionConfigurationPlatforms) = preSolution
		Development|Default = Development|Default
	EndGlobalSection
	GlobalSection(ProjectConfigurationPlatforms) = postSolution
		{AD4A1B70-DB80-49E7-ACAD-871AA9DA4EA6}.Development|Default.ActiveCfg = Development
		{AD4A1B70-DB80-49E7-ACAD-871AA9DA4EA6}.Development|Default.Build.0 = Development
	EndGlobalSection
	GlobalSection(SolutionProperties) = preSolution
		HideSolutionNode = FALSE
	EndGlobalSection
EndGlobal
